
Microsoft Visual Studio Solution File, Format Version 12.00
# Visual Studio Version 16
VisualStudioVersion = 16.0.29230.47
MinimumVisualStudioVersion = 10.0.40219.1
Project("{9A19103F-16F7-4668-BE54-9A1E7A4F7556}") = "AuthMe", "AuthMe\AuthMe.csproj", "{C0F4053B-332B-460E-985F-274A07008B81}"
EndProject
Project("{FAE04EC0-301F-11D3-BF4B-00C04F79EFBC}") = "TestApp", "TestApp\TestApp.csproj", "{DFA51610-7203-4643-9403-24ACDF68EB2D}"
EndProject
Project("{FAE04EC0-301F-11D3-BF4B-00C04F79EFBC}") = "ClipService", "FunnyClipService\ClipService.csproj", "{62905386-6039-48D0-8FF4-E24801996914}"
EndProject
Global
	GlobalSection(SolutionConfigurationPlatforms) = preSolution
		Debug|Any CPU = Debug|Any CPU
		Release|Any CPU = Release|Any CPU
	EndGlobalSection
	GlobalSection(ProjectConfigurationPlatforms) = postSolution
		{C0F4053B-332B-460E-985F-274A07008B81}.Debug|Any CPU.ActiveCfg = Debug|Any CPU
		{C0F4053B-332B-460E-985F-274A07008B81}.Debug|Any CPU.Build.0 = Debug|Any CPU
		{C0F4053B-332B-460E-985F-274A07008B81}.Release|Any CPU.ActiveCfg = Release|Any CPU
		{C0F4053B-332B-460E-985F-274A07008B81}.Release|Any CPU.Build.0 = Release|Any CPU
		{DFA51610-7203-4643-9403-24ACDF68EB2D}.Debug|Any CPU.ActiveCfg = Debug|Any CPU
		{DFA51610-7203-4643-9403-24ACDF68EB2D}.Debug|Any CPU.Build.0 = Debug|Any CPU
		{DFA51610-7203-4643-9403-24ACDF68EB2D}.Release|Any CPU.ActiveCfg = Release|Any CPU
		{DFA51610-7203-4643-9403-24ACDF68EB2D}.Release|Any CPU.Build.0 = Release|Any CPU
		{62905386-6039-48D0-8FF4-E24801996914}.Debug|Any CPU.ActiveCfg = Debug|Any CPU
		{62905386-6039-48D0-8FF4-E24801996914}.Debug|Any CPU.Build.0 = Debug|Any CPU
		{62905386-6039-48D0-8FF4-E24801996914}.Release|Any CPU.ActiveCfg = Release|Any CPU
		{62905386-6039-48D0-8FF4-E24801996914}.Release|Any CPU.Build.0 = Release|Any CPU
	EndGlobalSection
	GlobalSection(SolutionProperties) = preSolution
		HideSolutionNode = FALSE
	EndGlobalSection
	GlobalSection(ExtensibilityGlobals) = postSolution
		SolutionGuid = {65E54714-DB99-491E-B8CB-6E97EDD7B535}
	EndGlobalSection
EndGlobal
